<?xml version="1.0" encoding="utf-8"?>
<Project ToolsVersion="4.0" xmlns="http://schemas.microsoft.com/developer/msbuild/2003">
  <ItemGroup>
    <Filter Include="Nebula">
      <UniqueIdentifier>{DCCD2CC5-C86F-579B-B12A-6BEF9D6BDEEB}</UniqueIdentifier>
    </Filter>
  </ItemGroup>
  <ItemGroup>
    <ClInclude Include="src\Nebula.h" />
    <ClInclude Include="src\Nebula\Application.h">
      <Filter>Nebula</Filter>
    </ClInclude>
    <ClInclude Include="src\Nebula\Core.h">
      <Filter>Nebula</Filter>
    </ClInclude>
    <ClInclude Include="src\Nebula\EntryPoint.h">
      <Filter>Nebula</Filter>
    </ClInclude>
    <ClInclude Include="src\Nebula\Log.h">
      <Filter>Nebula</Filter>
    </ClInclude>
  </ItemGroup>
  <ItemGroup>
    <ClCompile Include="src\Nebula\Application.cpp">
      <Filter>Nebula</Filter>
    </ClCompile>
    <ClCompile Include="src\Nebula\Log.cpp">
      <Filter>Nebula</Filter>
    </ClCompile>
  </ItemGroup>
</Project>